
Microsoft Visual Studio Solution File, Format Version 12.00
# Visual Studio Version 17
VisualStudioVersion = 17.3.32929.385
MinimumVisualStudioVersion = 10.0.40219.1
Project("{FAE04EC0-301F-11D3-BF4B-00C04F79EFBC}") = "ContinuedLearning110822", "ContinuedLearning110822.csproj", "{F28E1F27-9B3F-42A1-AF29-01386BD30596}"
EndProject
Global
	GlobalSection(SolutionConfigurationPlatforms) = preSolution
		Debug|Any CPU = Debug|Any CPU
		Release|Any CPU = Release|Any CPU
	EndGlobalSection
	GlobalSection(ProjectConfigurationPlatforms) = postSolution
		{F28E1F27-9B3F-42A1-AF29-01386BD30596}.Debug|Any CPU.ActiveCfg = Debug|Any CPU
		{F28E1F27-9B3F-42A1-AF29-01386BD30596}.Debug|Any CPU.Build.0 = Debug|Any CPU
		{F28E1F27-9B3F-42A1-AF29-01386BD30596}.Release|Any CPU.ActiveCfg = Release|Any CPU
		{F28E1F27-9B3F-42A1-AF29-01386BD30596}.Release|Any CPU.Build.0 = Release|Any CPU
	EndGlobalSection
	GlobalSection(SolutionProperties) = preSolution
		HideSolutionNode = FALSE
	EndGlobalSection
	GlobalSection(ExtensibilityGlobals) = postSolution
		SolutionGuid = {E6D4775B-5685-4B72-8AF7-F944845185B7}
	EndGlobalSection
EndGlobal
